
Microsoft Visual Studio Solution File, Format Version 12.00
# Visual Studio 15
VisualStudioVersion = 15.0.27703.2035
MinimumVisualStudioVersion = 10.0.40219.1
Project("{888888A0-9F3D-457C-B088-3A5042F75D52}") = "TuplesDictsSets", "TuplesDictsSets\TuplesDictsSets.pyproj", "{16A2EA65-CBC7-444B-81EE-80EE49F54800}"
EndProject
Global
	GlobalSection(SolutionConfigurationPlatforms) = preSolution
		Debug|Any CPU = Debug|Any CPU
		Release|Any CPU = Release|Any CPU
	EndGlobalSection
	GlobalSection(ProjectConfigurationPlatforms) = postSolution
		{16A2EA65-CBC7-444B-81EE-80EE49F54800}.Debug|Any CPU.ActiveCfg = Debug|Any CPU
		{16A2EA65-CBC7-444B-81EE-80EE49F54800}.Release|Any CPU.ActiveCfg = Release|Any CPU
	EndGlobalSection
	GlobalSection(SolutionProperties) = preSolution
		HideSolutionNode = FALSE
	EndGlobalSection
	GlobalSection(ExtensibilityGlobals) = postSolution
		SolutionGuid = {C397F2F6-8DF1-4DBE-BABD-1A7A20E312BE}
	EndGlobalSection
EndGlobal
